
Microsoft Visual Studio Solution File, Format Version 12.00
# Visual Studio Version 17
VisualStudioVersion = 17.5.002.0
MinimumVisualStudioVersion = 10.0.40219.1
Project("{9A19103F-16F7-4668-BE54-9A1E7A4F7556}") = "TP_01BIS_LEE", "TP_01BIS_LEE.csproj", "{9FE7902B-6CAE-48D9-B37C-2FE4CBB98954}"
EndProject
Global
	GlobalSection(SolutionConfigurationPlatforms) = preSolution
		Debug|Any CPU = Debug|Any CPU
		Release|Any CPU = Release|Any CPU
	EndGlobalSection
	GlobalSection(ProjectConfigurationPlatforms) = postSolution
		{9FE7902B-6CAE-48D9-B37C-2FE4CBB98954}.Debug|Any CPU.ActiveCfg = Debug|Any CPU
		{9FE7902B-6CAE-48D9-B37C-2FE4CBB98954}.Debug|Any CPU.Build.0 = Debug|Any CPU
		{9FE7902B-6CAE-48D9-B37C-2FE4CBB98954}.Release|Any CPU.ActiveCfg = Release|Any CPU
		{9FE7902B-6CAE-48D9-B37C-2FE4CBB98954}.Release|Any CPU.Build.0 = Release|Any CPU
	EndGlobalSection
	GlobalSection(SolutionProperties) = preSolution
		HideSolutionNode = FALSE
	EndGlobalSection
	GlobalSection(ExtensibilityGlobals) = postSolution
		SolutionGuid = {67C610AD-148D-45C7-9052-088248ABA569}
	EndGlobalSection
EndGlobal
